
Microsoft Visual Studio Solution File, Format Version 12.00
# Visual Studio Version 16
VisualStudioVersion = 16.0.29911.98
MinimumVisualStudioVersion = 10.0.40219.1
Project("{2150E333-8FDC-42A3-9474-1A3956D46DE8}") = ".SolutionItems", ".SolutionItems", "{00312A29-B5AD-4F56-9CB5-9BFF89DDB9A8}"
	ProjectSection(SolutionItems) = preProject
		.env = .env
		.gitignore = .gitignore
		docker-compose.yml = docker-compose.yml
		README.md = README.md
	EndProjectSection
EndProject
Project("{2150E333-8FDC-42A3-9474-1A3956D46DE8}") = "Feature", "Feature", "{E89E24CC-45E5-4FB1-AC08-1275307CA859}"
EndProject
Project("{2150E333-8FDC-42A3-9474-1A3956D46DE8}") = "Feature.Sample", "Feature.Sample", "{CE9DB945-0F4A-4434-82A1-9476CA8FF532}"
EndProject
Project("{FAE04EC0-301F-11D3-BF4B-00C04F79EFBC}") = "Feature.Sample.Website", "src\Feature\Feature.Sample\website\Feature.Sample.Website.csproj", "{AE9AE4F4-D995-41BA-BB85-F2346ACD01FF}"
EndProject
Project("{CAA73BB0-EF22-4D79-A57E-DF67B3BA9C80}") = "Feature.Sample.Serialisation", "src\Feature\Feature.Sample\serialisation\Feature.Sample.Serialisation\Feature.Sample.Serialisation.scproj", "{4876B168-270E-46B3-AFF9-4406931DA14B}"
EndProject
Global
	GlobalSection(SolutionConfigurationPlatforms) = preSolution
		Debug|Any CPU = Debug|Any CPU
		Release|Any CPU = Release|Any CPU
	EndGlobalSection
	GlobalSection(ProjectConfigurationPlatforms) = postSolution
		{AE9AE4F4-D995-41BA-BB85-F2346ACD01FF}.Debug|Any CPU.ActiveCfg = Debug|Any CPU
		{AE9AE4F4-D995-41BA-BB85-F2346ACD01FF}.Debug|Any CPU.Build.0 = Debug|Any CPU
		{AE9AE4F4-D995-41BA-BB85-F2346ACD01FF}.Release|Any CPU.ActiveCfg = Release|Any CPU
		{AE9AE4F4-D995-41BA-BB85-F2346ACD01FF}.Release|Any CPU.Build.0 = Release|Any CPU
		{4876B168-270E-46B3-AFF9-4406931DA14B}.Debug|Any CPU.ActiveCfg = Debug|Any CPU
		{4876B168-270E-46B3-AFF9-4406931DA14B}.Debug|Any CPU.Build.0 = Debug|Any CPU
		{4876B168-270E-46B3-AFF9-4406931DA14B}.Debug|Any CPU.Deploy.0 = Debug|Any CPU
		{4876B168-270E-46B3-AFF9-4406931DA14B}.Release|Any CPU.ActiveCfg = Release|Any CPU
		{4876B168-270E-46B3-AFF9-4406931DA14B}.Release|Any CPU.Build.0 = Release|Any CPU
		{4876B168-270E-46B3-AFF9-4406931DA14B}.Release|Any CPU.Deploy.0 = Release|Any CPU
	EndGlobalSection
	GlobalSection(SolutionProperties) = preSolution
		HideSolutionNode = FALSE
	EndGlobalSection
	GlobalSection(NestedProjects) = preSolution
		{CE9DB945-0F4A-4434-82A1-9476CA8FF532} = {E89E24CC-45E5-4FB1-AC08-1275307CA859}
		{AE9AE4F4-D995-41BA-BB85-F2346ACD01FF} = {CE9DB945-0F4A-4434-82A1-9476CA8FF532}
		{4876B168-270E-46B3-AFF9-4406931DA14B} = {CE9DB945-0F4A-4434-82A1-9476CA8FF532}
	EndGlobalSection
	GlobalSection(ExtensibilityGlobals) = postSolution
		SolutionGuid = {5DA9C899-6AE2-4CF4-A321-B1DED3331E47}
	EndGlobalSection
EndGlobal
